
Microsoft Visual Studio Solution File, Format Version 12.00
# Visual Studio Version 17
VisualStudioVersion = 17.8.34205.153
MinimumVisualStudioVersion = 10.0.40219.1
Project("{9A19103F-16F7-4668-BE54-9A1E7A4F7556}") = "FairPlayShop", "FairPlayShop\FairPlayShop\FairPlayShop.csproj", "{BACF0B21-B9C4-4ADD-8714-37143B138834}"
EndProject
Project("{9A19103F-16F7-4668-BE54-9A1E7A4F7556}") = "FairPlayShop.Client", "FairPlayShop\FairPlayShop.Client\FairPlayShop.Client.csproj", "{8C8FA895-6F2F-433D-85A7-3B3C959CB311}"
EndProject
Project("{00D1A9C2-B5F0-4AF3-8072-F6C62B433612}") = "FairPlayShop.Database", "FairPlayShop.Database\FairPlayShop.Database.sqlproj", "{1EB49C7F-30DD-4847-9DB3-C87BDE00C002}"
EndProject
Project("{9A19103F-16F7-4668-BE54-9A1E7A4F7556}") = "FairPlayShop.Common", "FairPlayShop.Common\FairPlayShop.Common.csproj", "{69E32A4E-C483-4476-8698-051B8C55064E}"
EndProject
Project("{9A19103F-16F7-4668-BE54-9A1E7A4F7556}") = "FairPlayShop.DataAccess", "FairPlayShop.DataAccess\FairPlayShop.DataAccess.csproj", "{BB1AFB6A-4EA3-4EC0-9A8E-8B2C310878E6}"
EndProject
Project("{9A19103F-16F7-4668-BE54-9A1E7A4F7556}") = "FairPlayShop.Interfaces", "FairPlayShop.Interfaces\FairPlayShop.Interfaces.csproj", "{19D6D3CC-3E7D-4AA9-A2B0-4FE5E9AF720E}"
EndProject
Project("{9A19103F-16F7-4668-BE54-9A1E7A4F7556}") = "FairPlayShop.ServerSideServices", "FairPlayShop.ServerSideServices\FairPlayShop.ServerSideServices.csproj", "{E6FA84D2-0EE9-491C-8968-F6192B4E9B0D}"
EndProject
Project("{9A19103F-16F7-4668-BE54-9A1E7A4F7556}") = "FairPlayShop.AutomatedTests", "FairPlayShop.AutomatedTests\FairPlayShop.AutomatedTests.csproj", "{FF7062E2-3148-4EA1-9494-6172663C7FF9}"
EndProject
Project("{9A19103F-16F7-4668-BE54-9A1E7A4F7556}") = "FairPlayShop.Models", "FairPlayShop.Models\FairPlayShop.Models.csproj", "{C9F9501A-29E7-4246-BEC1-8E51733B70B7}"
EndProject
Project("{9A19103F-16F7-4668-BE54-9A1E7A4F7556}") = "FairPlayShop.DataImporter", "FairPlayShop.DataImporter\FairPlayShop.DataImporter.csproj", "{20FDC16A-4489-497B-A7E2-F5D8EFE1FA6B}"
EndProject
Project("{9A19103F-16F7-4668-BE54-9A1E7A4F7556}") = "FairPlayShop.Models.Generators", "FairPlayShop.Models.Generators\FairPlayShop.Models.Generators.csproj", "{0BFA0E47-F208-4195-939F-E67F6086F963}"
EndProject
Project("{9A19103F-16F7-4668-BE54-9A1E7A4F7556}") = "FairPlayShop.Generators", "FairPlayShop.Generators\FairPlayShop.Generators.csproj", "{636362B3-ED79-4C6A-877C-9C25EF745B84}"
EndProject
Project("{2150E333-8FDC-42A3-9474-1A3956D46DE8}") = "Solution Items", "Solution Items", "{1980A886-5C3B-4547-B754-1BACA59850E7}"
	ProjectSection(SolutionItems) = preProject
		.editorconfig = .editorconfig
	EndProjectSection
EndProject
Project("{9A19103F-16F7-4668-BE54-9A1E7A4F7556}") = "FairPlayShop.NetAspire.AppHost", "FairPlayShop.NetAspire\FairPlayShop.NetAspire.AppHost\FairPlayShop.NetAspire.AppHost.csproj", "{60D2C7A6-55AF-4481-A8E6-6DC3962C632F}"
EndProject
Project("{9A19103F-16F7-4668-BE54-9A1E7A4F7556}") = "FairPlayShop.NetAspire.ServiceDefaults", "FairPlayShop.NetAspire\FairPlayShop.NetAspire.ServiceDefaults\FairPlayShop.NetAspire.ServiceDefaults.csproj", "{0923BE28-E311-4838-B5CD-4475BA40E57D}"
EndProject
Project("{9A19103F-16F7-4668-BE54-9A1E7A4F7556}") = "FairPlayShop.TestDataGenerator", "FairPlayShop.TestDataGenerator\FairPlayShop.TestDataGenerator.csproj", "{88E91BF5-730D-42FD-93AF-D97CA79216AE}"
EndProject
Global
	GlobalSection(SolutionConfigurationPlatforms) = preSolution
		Debug|Any CPU = Debug|Any CPU
		Release|Any CPU = Release|Any CPU
	EndGlobalSection
	GlobalSection(ProjectConfigurationPlatforms) = postSolution
		{BACF0B21-B9C4-4ADD-8714-37143B138834}.Debug|Any CPU.ActiveCfg = Debug|Any CPU
		{BACF0B21-B9C4-4ADD-8714-37143B138834}.Debug|Any CPU.Build.0 = Debug|Any CPU
		{BACF0B21-B9C4-4ADD-8714-37143B138834}.Release|Any CPU.ActiveCfg = Release|Any CPU
		{BACF0B21-B9C4-4ADD-8714-37143B138834}.Release|Any CPU.Build.0 = Release|Any CPU
		{8C8FA895-6F2F-433D-85A7-3B3C959CB311}.Debug|Any CPU.ActiveCfg = Debug|Any CPU
		{8C8FA895-6F2F-433D-85A7-3B3C959CB311}.Debug|Any CPU.Build.0 = Debug|Any CPU
		{8C8FA895-6F2F-433D-85A7-3B3C959CB311}.Release|Any CPU.ActiveCfg = Release|Any CPU
		{8C8FA895-6F2F-433D-85A7-3B3C959CB311}.Release|Any CPU.Build.0 = Release|Any CPU
		{1EB49C7F-30DD-4847-9DB3-C87BDE00C002}.Debug|Any CPU.ActiveCfg = Debug|Any CPU
		{1EB49C7F-30DD-4847-9DB3-C87BDE00C002}.Debug|Any CPU.Build.0 = Debug|Any CPU
		{1EB49C7F-30DD-4847-9DB3-C87BDE00C002}.Debug|Any CPU.Deploy.0 = Debug|Any CPU
		{1EB49C7F-30DD-4847-9DB3-C87BDE00C002}.Release|Any CPU.ActiveCfg = Release|Any CPU
		{1EB49C7F-30DD-4847-9DB3-C87BDE00C002}.Release|Any CPU.Build.0 = Release|Any CPU
		{1EB49C7F-30DD-4847-9DB3-C87BDE00C002}.Release|Any CPU.Deploy.0 = Release|Any CPU
		{69E32A4E-C483-4476-8698-051B8C55064E}.Debug|Any CPU.ActiveCfg = Debug|Any CPU
		{69E32A4E-C483-4476-8698-051B8C55064E}.Debug|Any CPU.Build.0 = Debug|Any CPU
		{69E32A4E-C483-4476-8698-051B8C55064E}.Release|Any CPU.ActiveCfg = Release|Any CPU
		{69E32A4E-C483-4476-8698-051B8C55064E}.Release|Any CPU.Build.0 = Release|Any CPU
		{BB1AFB6A-4EA3-4EC0-9A8E-8B2C310878E6}.Debug|Any CPU.ActiveCfg = Debug|Any CPU
		{BB1AFB6A-4EA3-4EC0-9A8E-8B2C310878E6}.Debug|Any CPU.Build.0 = Debug|Any CPU
		{BB1AFB6A-4EA3-4EC0-9A8E-8B2C310878E6}.Release|Any CPU.ActiveCfg = Release|Any CPU
		{BB1AFB6A-4EA3-4EC0-9A8E-8B2C310878E6}.Release|Any CPU.Build.0 = Release|Any CPU
		{19D6D3CC-3E7D-4AA9-A2B0-4FE5E9AF720E}.Debug|Any CPU.ActiveCfg = Debug|Any CPU
		{19D6D3CC-3E7D-4AA9-A2B0-4FE5E9AF720E}.Debug|Any CPU.Build.0 = Debug|Any CPU
		{19D6D3CC-3E7D-4AA9-A2B0-4FE5E9AF720E}.Release|Any CPU.ActiveCfg = Release|Any CPU
		{19D6D3CC-3E7D-4AA9-A2B0-4FE5E9AF720E}.Release|Any CPU.Build.0 = Release|Any CPU
		{E6FA84D2-0EE9-491C-8968-F6192B4E9B0D}.Debug|Any CPU.ActiveCfg = Debug|Any CPU
		{E6FA84D2-0EE9-491C-8968-F6192B4E9B0D}.Debug|Any CPU.Build.0 = Debug|Any CPU
		{E6FA84D2-0EE9-491C-8968-F6192B4E9B0D}.Release|Any CPU.ActiveCfg = Release|Any CPU
		{E6FA84D2-0EE9-491C-8968-F6192B4E9B0D}.Release|Any CPU.Build.0 = Release|Any CPU
		{FF7062E2-3148-4EA1-9494-6172663C7FF9}.Debug|Any CPU.ActiveCfg = Debug|Any CPU
		{FF7062E2-3148-4EA1-9494-6172663C7FF9}.Debug|Any CPU.Build.0 = Debug|Any CPU
		{FF7062E2-3148-4EA1-9494-6172663C7FF9}.Release|Any CPU.ActiveCfg = Release|Any CPU
		{FF7062E2-3148-4EA1-9494-6172663C7FF9}.Release|Any CPU.Build.0 = Release|Any CPU
		{C9F9501A-29E7-4246-BEC1-8E51733B70B7}.Debug|Any CPU.ActiveCfg = Debug|Any CPU
		{C9F9501A-29E7-4246-BEC1-8E51733B70B7}.Debug|Any CPU.Build.0 = Debug|Any CPU
		{C9F9501A-29E7-4246-BEC1-8E51733B70B7}.Release|Any CPU.ActiveCfg = Release|Any CPU
		{C9F9501A-29E7-4246-BEC1-8E51733B70B7}.Release|Any CPU.Build.0 = Release|Any CPU
		{20FDC16A-4489-497B-A7E2-F5D8EFE1FA6B}.Debug|Any CPU.ActiveCfg = Debug|Any CPU
		{20FDC16A-4489-497B-A7E2-F5D8EFE1FA6B}.Debug|Any CPU.Build.0 = Debug|Any CPU
		{20FDC16A-4489-497B-A7E2-F5D8EFE1FA6B}.Release|Any CPU.ActiveCfg = Release|Any CPU
		{20FDC16A-4489-497B-A7E2-F5D8EFE1FA6B}.Release|Any CPU.Build.0 = Release|Any CPU
		{0BFA0E47-F208-4195-939F-E67F6086F963}.Debug|Any CPU.ActiveCfg = Debug|Any CPU
		{0BFA0E47-F208-4195-939F-E67F6086F963}.Debug|Any CPU.Build.0 = Debug|Any CPU
		{0BFA0E47-F208-4195-939F-E67F6086F963}.Release|Any CPU.ActiveCfg = Release|Any CPU
		{0BFA0E47-F208-4195-939F-E67F6086F963}.Release|Any CPU.Build.0 = Release|Any CPU
		{636362B3-ED79-4C6A-877C-9C25EF745B84}.Debug|Any CPU.ActiveCfg = Debug|Any CPU
		{636362B3-ED79-4C6A-877C-9C25EF745B84}.Debug|Any CPU.Build.0 = Debug|Any CPU
		{636362B3-ED79-4C6A-877C-9C25EF745B84}.Release|Any CPU.ActiveCfg = Release|Any CPU
		{636362B3-ED79-4C6A-877C-9C25EF745B84}.Release|Any CPU.Build.0 = Release|Any CPU
		{60D2C7A6-55AF-4481-A8E6-6DC3962C632F}.Debug|Any CPU.ActiveCfg = Debug|Any CPU
		{60D2C7A6-55AF-4481-A8E6-6DC3962C632F}.Debug|Any CPU.Build.0 = Debug|Any CPU
		{60D2C7A6-55AF-4481-A8E6-6DC3962C632F}.Release|Any CPU.ActiveCfg = Release|Any CPU
		{60D2C7A6-55AF-4481-A8E6-6DC3962C632F}.Release|Any CPU.Build.0 = Release|Any CPU
		{0923BE28-E311-4838-B5CD-4475BA40E57D}.Debug|Any CPU.ActiveCfg = Debug|Any CPU
		{0923BE28-E311-4838-B5CD-4475BA40E57D}.Debug|Any CPU.Build.0 = Debug|Any CPU
		{0923BE28-E311-4838-B5CD-4475BA40E57D}.Release|Any CPU.ActiveCfg = Release|Any CPU
		{0923BE28-E311-4838-B5CD-4475BA40E57D}.Release|Any CPU.Build.0 = Release|Any CPU
		{88E91BF5-730D-42FD-93AF-D97CA79216AE}.Debug|Any CPU.ActiveCfg = Debug|Any CPU
		{88E91BF5-730D-42FD-93AF-D97CA79216AE}.Debug|Any CPU.Build.0 = Debug|Any CPU
		{88E91BF5-730D-42FD-93AF-D97CA79216AE}.Release|Any CPU.ActiveCfg = Release|Any CPU
		{88E91BF5-730D-42FD-93AF-D97CA79216AE}.Release|Any CPU.Build.0 = Release|Any CPU
	EndGlobalSection
	GlobalSection(SolutionProperties) = preSolution
		HideSolutionNode = FALSE
	EndGlobalSection
	GlobalSection(ExtensibilityGlobals) = postSolution
		SolutionGuid = {AA6A6D83-501A-440A-AD56-1624263EEB13}
	EndGlobalSection
EndGlobal
